{
  "originHash" : "69ef8f6f63891ea8c715792d7c92b8fa329f0c6725506b7baa261f2e39cc2c55",
  "pins" : [
    {
      "identity" : "ios-maps-sdk",
      "kind" : "remoteSourceControl",
      "location" : "https://github.com/googlemaps/ios-maps-sdk",
      "state" : {
        "branch" : "main",
        "revision" : "f2f8341edc8e9a6155f43ce788d4d2f91497177a"
      }
    },
    {
      "identity" : "line-sdk-ios-swift",
      "kind" : "remoteSourceControl",
      "location" : "https://github.com/line/line-sdk-ios-swift",
      "state" : {
        "branch" : "master",
        "revision" : "574643ea9316adcefcc88944b4eba1be9ab06588"
      }
    }
  ],
  "version" : 3
}
